{
  "object": {
    "pins": [
      {
        "package": "Promises",
        "repositoryURL": "https://github.com/khanlou/Promise.git",
        "state": {
          "branch": "master",
          "revision": "2a4157075c390f447f412f52c8a18e298357d05f",
          "version": null
        }
      }
    ]
  },
  "version": 1
}
