PODS:
  - Promises (2.0.1)
  - Snatch (4.0.5)

DEPENDENCIES:
  - Promises (~> 2.0)
  - Snatch (~> 4.0)

SPEC REPOS:
  "git@github.com:isaac-weisberg/isaacs-specs.git":
    - Promises
    - Snatch

SPEC CHECKSUMS:
  Promises: bf78cd029a63a10c1a9387f74694479c0e845ff5
  Snatch: 0f7c98b3df06571de161fb166d40dce2ab6b29b2

PODFILE CHECKSUM: 84d6921f1dc90b134661058ca99cff4440a74295

COCOAPODS: 1.5.3
